
Microsoft Visual Studio Solution File, Format Version 12.00
# Visual Studio Version 17
VisualStudioVersion = 17.9.34728.123
MinimumVisualStudioVersion = 10.0.40219.1
Project("{FAE04EC0-301F-11D3-BF4B-00C04F79EFBC}") = "DelegateExample", "DelegateExample\DelegateExample.csproj", "{B05636E9-E009-4AD5-B0C3-BC26E3CCD7D7}"
EndProject
Global
	GlobalSection(SolutionConfigurationPlatforms) = preSolution
		Debug|Any CPU = Debug|Any CPU
		Release|Any CPU = Release|Any CPU
	EndGlobalSection
	GlobalSection(ProjectConfigurationPlatforms) = postSolution
		{B05636E9-E009-4AD5-B0C3-BC26E3CCD7D7}.Debug|Any CPU.ActiveCfg = Debug|Any CPU
		{B05636E9-E009-4AD5-B0C3-BC26E3CCD7D7}.Debug|Any CPU.Build.0 = Debug|Any CPU
		{B05636E9-E009-4AD5-B0C3-BC26E3CCD7D7}.Release|Any CPU.ActiveCfg = Release|Any CPU
		{B05636E9-E009-4AD5-B0C3-BC26E3CCD7D7}.Release|Any CPU.Build.0 = Release|Any CPU
	EndGlobalSection
	GlobalSection(SolutionProperties) = preSolution
		HideSolutionNode = FALSE
	EndGlobalSection
	GlobalSection(ExtensibilityGlobals) = postSolution
		SolutionGuid = {DBCB77EB-F935-44D9-93DA-EFB448F175EC}
	EndGlobalSection
EndGlobal
